{
  "name": "herring",
  "lockfileVersion": 2,
  "requires": true,
  "packages": {
    "": {
      "name": "herring",
      "dependencies": {
        "subsink": "^1.0.2"
      }
    },
    "node_modules/subsink": {
      "version": "1.0.2",
      "resolved": "https://registry.npmjs.org/subsink/-/subsink-1.0.2.tgz",
      "integrity": "sha512-QFL2oKaA6jVai82dcF0/SIKHNrKJO/wAiHBw9CG576+eBzeg+lZmpG63Tvajx3yg05Hf9ZIZ+zroJutj3hvLNQ=="
    }
  },
  "dependencies": {
    "subsink": {
      "version": "1.0.2",
      "resolved": "https://registry.npmjs.org/subsink/-/subsink-1.0.2.tgz",
      "integrity": "sha512-QFL2oKaA6jVai82dcF0/SIKHNrKJO/wAiHBw9CG576+eBzeg+lZmpG63Tvajx3yg05Hf9ZIZ+zroJutj3hvLNQ=="
    }
  }
}
